PODS:
  - did_change_authlocal (0.0.1):
    - Flutter
  - Flutter (1.0.0)

DEPENDENCIES:
  - did_change_authlocal (from `.symlinks/plugins/did_change_authlocal/ios`)
  - Flutter (from `Flutter`)

EXTERNAL SOURCES:
  did_change_authlocal:
    :path: ".symlinks/plugins/did_change_authlocal/ios"
  Flutter:
    :path: Flutter

SPEC CHECKSUMS:
  did_change_authlocal: 4c744cc61a03ecfc0a058f4eb12128e0466edbc0
  Flutter: e0871f40cf51350855a761d2e70bf5af5b9b5de7

PODFILE CHECKSUM: c4c93c5f6502fe2754f48404d3594bf779584011

COCOAPODS: 1.15.2
